
Microsoft Visual Studio Solution File, Format Version 12.00
# Visual Studio Version 17
VisualStudioVersion = 17.11.35312.102
MinimumVisualStudioVersion = 10.0.40219.1
Project("{FAE04EC0-301F-11D3-BF4B-00C04F79EFBC}") = "Bibliotheek", "Bibliotheek\Bibliotheek.csproj", "{970CEDF6-2DB2-4393-8C01-4A0B67B56E48}"
EndProject
Project("{FAE04EC0-301F-11D3-BF4B-00C04F79EFBC}") = "Presentatie_Bibliotheek", "Presentatie_Bibliotheek\Presentatie_Bibliotheek.csproj", "{9837B51E-F4D9-41D0-BFAB-06FC2900B245}"
EndProject
Global
	GlobalSection(SolutionConfigurationPlatforms) = preSolution
		Debug|Any CPU = Debug|Any CPU
		Release|Any CPU = Release|Any CPU
	EndGlobalSection
	GlobalSection(ProjectConfigurationPlatforms) = postSolution
		{970CEDF6-2DB2-4393-8C01-4A0B67B56E48}.Debug|Any CPU.ActiveCfg = Debug|Any CPU
		{970CEDF6-2DB2-4393-8C01-4A0B67B56E48}.Debug|Any CPU.Build.0 = Debug|Any CPU
		{970CEDF6-2DB2-4393-8C01-4A0B67B56E48}.Release|Any CPU.ActiveCfg = Release|Any CPU
		{970CEDF6-2DB2-4393-8C01-4A0B67B56E48}.Release|Any CPU.Build.0 = Release|Any CPU
		{9837B51E-F4D9-41D0-BFAB-06FC2900B245}.Debug|Any CPU.ActiveCfg = Debug|Any CPU
		{9837B51E-F4D9-41D0-BFAB-06FC2900B245}.Debug|Any CPU.Build.0 = Debug|Any CPU
		{9837B51E-F4D9-41D0-BFAB-06FC2900B245}.Release|Any CPU.ActiveCfg = Release|Any CPU
		{9837B51E-F4D9-41D0-BFAB-06FC2900B245}.Release|Any CPU.Build.0 = Release|Any CPU
	EndGlobalSection
	GlobalSection(SolutionProperties) = preSolution
		HideSolutionNode = FALSE
	EndGlobalSection
	GlobalSection(ExtensibilityGlobals) = postSolution
		SolutionGuid = {E45384C5-82FF-44A3-A75F-A511872A22D2}
	EndGlobalSection
EndGlobal
